
Microsoft Visual Studio Solution File, Format Version 12.00
# Visual Studio 15
VisualStudioVersion = 15.0.28307.271
MinimumVisualStudioVersion = 10.0.40219.1
Project("{E24C65DC-7377-472B-9ABA-BC803B73C61A}") = "ComicBookGallery", "ComicBookGallery\", "{9F694017-A8C5-4684-AEEE-27D13B49B911}"
	ProjectSection(WebsiteProperties) = preProject
		TargetFrameworkMoniker = ".NETFramework,Version%3Dv4.6.1"
		Debug.AspNetCompiler.VirtualPath = "/localhost_55645"
		Debug.AspNetCompiler.PhysicalPath = "ComicBookGallery\"
		Debug.AspNetCompiler.TargetPath = "PrecompiledWeb\localhost_55645\"
		Debug.AspNetCompiler.Updateable = "true"
		Debug.AspNetCompiler.ForceOverwrite = "true"
		Debug.AspNetCompiler.FixedNames = "false"
		Debug.AspNetCompiler.Debug = "True"
		Release.AspNetCompiler.VirtualPath = "/localhost_55645"
		Release.AspNetCompiler.PhysicalPath = "ComicBookGallery\"
		Release.AspNetCompiler.TargetPath = "PrecompiledWeb\localhost_55645\"
		Release.AspNetCompiler.Updateable = "true"
		Release.AspNetCompiler.ForceOverwrite = "true"
		Release.AspNetCompiler.FixedNames = "false"
		Release.AspNetCompiler.Debug = "False"
		VWDPort = "55645"
		SlnRelativePath = "ComicBookGallery\"
		DefaultWebSiteLanguage = "Visual C#"
	EndProjectSection
EndProject
Global
	GlobalSection(SolutionConfigurationPlatforms) = preSolution
		Debug|Any CPU = Debug|Any CPU
	EndGlobalSection
	GlobalSection(ProjectConfigurationPlatforms) = postSolution
		{9F694017-A8C5-4684-AEEE-27D13B49B911}.Debug|Any CPU.ActiveCfg = Debug|Any CPU
		{9F694017-A8C5-4684-AEEE-27D13B49B911}.Debug|Any CPU.Build.0 = Debug|Any CPU
	EndGlobalSection
	GlobalSection(SolutionProperties) = preSolution
		HideSolutionNode = FALSE
	EndGlobalSection
	GlobalSection(ExtensibilityGlobals) = postSolution
		SolutionGuid = {21DECB44-30C4-43A3-82A4-AAF3426F2EC9}
	EndGlobalSection
EndGlobal
